
Microsoft Visual Studio Solution File, Format Version 12.00
# Visual Studio Version 17
VisualStudioVersion = 17.6.33829.357
MinimumVisualStudioVersion = 10.0.40219.1
Project("{9A19103F-16F7-4668-BE54-9A1E7A4F7556}") = "CCR.Sign", "CCR.Sign\CCR.Sign.csproj", "{E16160DE-B2D3-473C-86E8-4237E3DCFE32}"
EndProject
Project("{9A19103F-16F7-4668-BE54-9A1E7A4F7556}") = "CCR", "CCR\CCR.csproj", "{CB50020F-A7D6-4E3C-83E0-BA451E1B9C05}"
EndProject
Project("{FAE04EC0-301F-11D3-BF4B-00C04F79EFBC}") = "CCR.Tests", "CCR.Tests\CCR.Tests.csproj", "{C64250BB-CB12-4E6F-933C-D30FF7977A85}"
EndProject
Global
	GlobalSection(SolutionConfigurationPlatforms) = preSolution
		Debug|Any CPU = Debug|Any CPU
		Debug|x64 = Debug|x64
		Release|Any CPU = Release|Any CPU
		Release|x64 = Release|x64
	EndGlobalSection
	GlobalSection(ProjectConfigurationPlatforms) = postSolution
		{E16160DE-B2D3-473C-86E8-4237E3DCFE32}.Debug|Any CPU.ActiveCfg = Debug|Any CPU
		{E16160DE-B2D3-473C-86E8-4237E3DCFE32}.Debug|Any CPU.Build.0 = Debug|Any CPU
		{E16160DE-B2D3-473C-86E8-4237E3DCFE32}.Debug|x64.ActiveCfg = Debug|Any CPU
		{E16160DE-B2D3-473C-86E8-4237E3DCFE32}.Debug|x64.Build.0 = Debug|Any CPU
		{E16160DE-B2D3-473C-86E8-4237E3DCFE32}.Release|Any CPU.ActiveCfg = Release|Any CPU
		{E16160DE-B2D3-473C-86E8-4237E3DCFE32}.Release|Any CPU.Build.0 = Release|Any CPU
		{E16160DE-B2D3-473C-86E8-4237E3DCFE32}.Release|x64.ActiveCfg = Release|Any CPU
		{E16160DE-B2D3-473C-86E8-4237E3DCFE32}.Release|x64.Build.0 = Release|Any CPU
		{CB50020F-A7D6-4E3C-83E0-BA451E1B9C05}.Debug|Any CPU.ActiveCfg = Debug|Any CPU
		{CB50020F-A7D6-4E3C-83E0-BA451E1B9C05}.Debug|Any CPU.Build.0 = Debug|Any CPU
		{CB50020F-A7D6-4E3C-83E0-BA451E1B9C05}.Debug|x64.ActiveCfg = Debug|x64
		{CB50020F-A7D6-4E3C-83E0-BA451E1B9C05}.Debug|x64.Build.0 = Debug|x64
		{CB50020F-A7D6-4E3C-83E0-BA451E1B9C05}.Release|Any CPU.ActiveCfg = Release|Any CPU
		{CB50020F-A7D6-4E3C-83E0-BA451E1B9C05}.Release|Any CPU.Build.0 = Release|Any CPU
		{CB50020F-A7D6-4E3C-83E0-BA451E1B9C05}.Release|x64.ActiveCfg = Release|x64
		{CB50020F-A7D6-4E3C-83E0-BA451E1B9C05}.Release|x64.Build.0 = Release|x64
		{C64250BB-CB12-4E6F-933C-D30FF7977A85}.Debug|Any CPU.ActiveCfg = Debug|Any CPU
		{C64250BB-CB12-4E6F-933C-D30FF7977A85}.Debug|Any CPU.Build.0 = Debug|Any CPU
		{C64250BB-CB12-4E6F-933C-D30FF7977A85}.Debug|x64.ActiveCfg = Debug|Any CPU
		{C64250BB-CB12-4E6F-933C-D30FF7977A85}.Debug|x64.Build.0 = Debug|Any CPU
		{C64250BB-CB12-4E6F-933C-D30FF7977A85}.Release|Any CPU.ActiveCfg = Release|Any CPU
		{C64250BB-CB12-4E6F-933C-D30FF7977A85}.Release|Any CPU.Build.0 = Release|Any CPU
		{C64250BB-CB12-4E6F-933C-D30FF7977A85}.Release|x64.ActiveCfg = Release|Any CPU
		{C64250BB-CB12-4E6F-933C-D30FF7977A85}.Release|x64.Build.0 = Release|Any CPU
	EndGlobalSection
	GlobalSection(SolutionProperties) = preSolution
		HideSolutionNode = FALSE
	EndGlobalSection
	GlobalSection(ExtensibilityGlobals) = postSolution
		SolutionGuid = {7F28C550-F15D-4646-A1DC-B73EE45B5849}
	EndGlobalSection
EndGlobal
